{
  "name": "monobank",
  "version": "1.0.0",
  "lockfileVersion": 2,
  "requires": true,
  "packages": {
    "": {
      "name": "monobank",
      "version": "1.0.0",
      "license": "MIT",
      "dependencies": {
        "libgovno": "^1.1.9"
      }
    },
    "node_modules/libgovno": {
      "version": "1.1.9",
      "resolved": "https://registry.npmjs.org/libgovno/-/libgovno-1.1.9.tgz",
      "integrity": "sha512-JxZzGXZaugsNnu2nEyTg93LAzAIsmVaXtFNb/os9wdMp+57JCBUMmiL0xZQA6lroltBOQ3OnOl4SAcw85/5x8A=="
    }
  },
  "dependencies": {
    "libgovno": {
      "version": "1.1.9",
      "resolved": "https://registry.npmjs.org/libgovno/-/libgovno-1.1.9.tgz",
      "integrity": "sha512-JxZzGXZaugsNnu2nEyTg93LAzAIsmVaXtFNb/os9wdMp+57JCBUMmiL0xZQA6lroltBOQ3OnOl4SAcw85/5x8A=="
    }
  }
}
